
Microsoft Visual Studio Solution File, Format Version 12.00
Project("{2150E333-8FDC-42A3-9474-1A3956D46DE8}") = "src", "src", "{F257576C-98DC-4CF7-A7CC-189DCFF646CA}"
EndProject
Project("{FAE04EC0-301F-11D3-BF4B-00C04F79EFBC}") = "GameNews.OAuth.Api", "src\GameNews.OAuth.Api\GameNews.OAuth.Api.csproj", "{88328EB9-0A0B-46B6-9514-C579B71DB374}"
EndProject
Global
	GlobalSection(SolutionConfigurationPlatforms) = preSolution
		Debug|Any CPU = Debug|Any CPU
		Release|Any CPU = Release|Any CPU
	EndGlobalSection
	GlobalSection(NestedProjects) = preSolution
		{88328EB9-0A0B-46B6-9514-C579B71DB374} = {F257576C-98DC-4CF7-A7CC-189DCFF646CA}
	EndGlobalSection
	GlobalSection(ProjectConfigurationPlatforms) = postSolution
		{88328EB9-0A0B-46B6-9514-C579B71DB374}.Debug|Any CPU.ActiveCfg = Debug|Any CPU
		{88328EB9-0A0B-46B6-9514-C579B71DB374}.Debug|Any CPU.Build.0 = Debug|Any CPU
		{88328EB9-0A0B-46B6-9514-C579B71DB374}.Release|Any CPU.ActiveCfg = Release|Any CPU
		{88328EB9-0A0B-46B6-9514-C579B71DB374}.Release|Any CPU.Build.0 = Release|Any CPU
	EndGlobalSection
EndGlobal
